// !$*UTF8*$!
{
	archiveVersion = 1;
	classes = {
	};
	objectVersion = 56;
	objects = {

/* Begin PBXBuildFile section */
		5B4857472C05806B004E2E0E /* YJEventBuildDelegate.h in Headers */ = {isa = PBXBuildFile; fileRef = 5B48571E2C05806B004E2E0E /* YJEventBuildDelegate.h */; };
		5B4857482C05806B004E2E0E /* YJEventBuilder.h in Headers */ = {isa = PBXBuildFile; fileRef = 5B48571F2C05806B004E2E0E /* YJEventBuilder.h */; };
		5B4857492C05806B004E2E0E /* YJEventBuilder.m in Sources */ = {isa = PBXBuildFile; fileRef = 5B4857202C05806B004E2E0E /* YJEventBuilder.m */; };
		5B48574A2C05806B004E2E0E /* YJEventBuilderProtocol.h in Headers */ = {isa = PBXBuildFile; fileRef = 5B4857212C05806B004E2E0E /* YJEventBuilderProtocol.h */; settings = {ATTRIBUTES = (Public, ); }; };
		5B48574B2C05806B004E2E0E /* YJEventBuildNamespace.h in Headers */ = {isa = PBXBuildFile; fileRef = 5B4857222C05806B004E2E0E /* YJEventBuildNamespace.h */; };
		5B48574C2C05806B004E2E0E /* YJEventBuildNamespace.m in Sources */ = {isa = PBXBuildFile; fileRef = 5B4857232C05806B004E2E0E /* YJEventBuildNamespace.m */; };
		5B48574D2C05806B004E2E0E /* YJDataFillDataSource.h in Headers */ = {isa = PBXBuildFile; fileRef = 5B4857252C05806B004E2E0E /* YJDataFillDataSource.h */; settings = {ATTRIBUTES = (Public, ); }; };
		5B48574E2C05806B004E2E0E /* YJDataFillDelegate.h in Headers */ = {isa = PBXBuildFile; fileRef = 5B4857262C05806B004E2E0E /* YJDataFillDelegate.h */; };
		5B48574F2C05806B004E2E0E /* YJDataFiller.h in Headers */ = {isa = PBXBuildFile; fileRef = 5B4857272C05806B004E2E0E /* YJDataFiller.h */; };
		5B4857502C05806B004E2E0E /* YJDataFiller.m in Sources */ = {isa = PBXBuildFile; fileRef = 5B4857282C05806B004E2E0E /* YJDataFiller.m */; };
		5B4857512C05806B004E2E0E /* YJDataFillerProtocol.h in Headers */ = {isa = PBXBuildFile; fileRef = 5B4857292C05806B004E2E0E /* YJDataFillerProtocol.h */; settings = {ATTRIBUTES = (Public, ); }; };
		5B4857522C05806B004E2E0E /* YJDataFillNamespace.h in Headers */ = {isa = PBXBuildFile; fileRef = 5B48572A2C05806B004E2E0E /* YJDataFillNamespace.h */; };
		5B4857532C05806B004E2E0E /* YJDataFillNamespace.m in Sources */ = {isa = PBXBuildFile; fileRef = 5B48572B2C05806B004E2E0E /* YJDataFillNamespace.m */; };
		5B4857542C05806B004E2E0E /* YJDataFillTypes.h in Headers */ = {isa = PBXBuildFile; fileRef = 5B48572C2C05806B004E2E0E /* YJDataFillTypes.h */; settings = {ATTRIBUTES = (Public, ); }; };
		5B4857552C05806B004E2E0E /* YJLayoutDataSource.h in Headers */ = {isa = PBXBuildFile; fileRef = 5B48572E2C05806B004E2E0E /* YJLayoutDataSource.h */; settings = {ATTRIBUTES = (Public, ); }; };
		5B4857562C05806B004E2E0E /* YJLayoutDelegate.h in Headers */ = {isa = PBXBuildFile; fileRef = 5B48572F2C05806B004E2E0E /* YJLayoutDelegate.h */; };
		5B4857572C05806B004E2E0E /* YJLayouter.h in Headers */ = {isa = PBXBuildFile; fileRef = 5B4857302C05806B004E2E0E /* YJLayouter.h */; };
		5B4857582C05806B004E2E0E /* YJLayouter.m in Sources */ = {isa = PBXBuildFile; fileRef = 5B4857312C05806B004E2E0E /* YJLayouter.m */; };
		5B4857592C05806B004E2E0E /* YJLayouterProtocol.h in Headers */ = {isa = PBXBuildFile; fileRef = 5B4857322C05806B004E2E0E /* YJLayouterProtocol.h */; settings = {ATTRIBUTES = (Public, ); }; };
		5B48575A2C05806B004E2E0E /* YJLayoutModels.h in Headers */ = {isa = PBXBuildFile; fileRef = 5B4857332C05806B004E2E0E /* YJLayoutModels.h */; settings = {ATTRIBUTES = (Public, ); }; };
		5B48575B2C05806B004E2E0E /* YJLayoutModels.m in Sources */ = {isa = PBXBuildFile; fileRef = 5B4857342C05806B004E2E0E /* YJLayoutModels.m */; };
		5B48575C2C05806B004E2E0E /* YJLayoutNamespace.h in Headers */ = {isa = PBXBuildFile; fileRef = 5B4857352C05806B004E2E0E /* YJLayoutNamespace.h */; };
		5B48575D2C05806B004E2E0E /* YJLayoutNamespace.m in Sources */ = {isa = PBXBuildFile; fileRef = 5B4857362C05806B004E2E0E /* YJLayoutNamespace.m */; };
		5B48575E2C05806B004E2E0E /* YJComponentDataSource.h in Headers */ = {isa = PBXBuildFile; fileRef = 5B4857382C05806B004E2E0E /* YJComponentDataSource.h */; settings = {ATTRIBUTES = (Public, ); }; };
		5B48575F2C05806B004E2E0E /* YJComponentWrapper.h in Headers */ = {isa = PBXBuildFile; fileRef = 5B4857392C05806B004E2E0E /* YJComponentWrapper.h */; };
		5B4857602C05806B004E2E0E /* YJComponentWrapper.m in Sources */ = {isa = PBXBuildFile; fileRef = 5B48573A2C05806B004E2E0E /* YJComponentWrapper.m */; };
		5B4857612C05806B004E2E0E /* YJDataSource.h in Headers */ = {isa = PBXBuildFile; fileRef = 5B48573C2C05806B004E2E0E /* YJDataSource.h */; settings = {ATTRIBUTES = (Public, ); }; };
		5B4857622C05806B004E2E0E /* YJDataSource.m in Sources */ = {isa = PBXBuildFile; fileRef = 5B48573D2C05806B004E2E0E /* YJDataSource.m */; };
		5B4857632C05806B004E2E0E /* YJGroupDataSource.m in Sources */ = {isa = PBXBuildFile; fileRef = 5B48573E2C05806B004E2E0E /* YJGroupDataSource.m */; };
		5B4857642C05806B004E2E0E /* YJGroupModel.h in Headers */ = {isa = PBXBuildFile; fileRef = 5B48573F2C05806B004E2E0E /* YJGroupModel.h */; settings = {ATTRIBUTES = (Public, ); }; };
		5B4857662C05806B004E2E0E /* YJBoundedBuffer.h in Headers */ = {isa = PBXBuildFile; fileRef = 5B4857422C05806B004E2E0E /* YJBoundedBuffer.h */; settings = {ATTRIBUTES = (Public, ); }; };
		5B4857672C05806B004E2E0E /* YJBoundedBuffer.m in Sources */ = {isa = PBXBuildFile; fileRef = 5B4857432C05806B004E2E0E /* YJBoundedBuffer.m */; };
		5B4857682C05806B004E2E0E /* YJOrderJSON.h in Headers */ = {isa = PBXBuildFile; fileRef = 5B4857442C05806B004E2E0E /* YJOrderJSON.h */; settings = {ATTRIBUTES = (Public, ); }; };
		5B4857692C05806B004E2E0E /* YJOrderJSON.m in Sources */ = {isa = PBXBuildFile; fileRef = 5B4857452C05806B004E2E0E /* YJOrderJSON.m */; };
		5B48576B2C05A569004E2E0E /* YuemojMacros.h in Headers */ = {isa = PBXBuildFile; fileRef = 5BECA1552BDE642500B95DF0 /* YuemojMacros.h */; settings = {ATTRIBUTES = (Public, ); }; };
		5B7DAA462BFDE82400578A05 /* YuemojKit.podspec in Resources */ = {isa = PBXBuildFile; fileRef = 5B7DAA452BFDE82400578A05 /* YuemojKit.podspec */; };
		5B7DAA492BFE185900578A05 /* Yuemoj.h in Headers */ = {isa = PBXBuildFile; fileRef = 5B7DAA472BFE185900578A05 /* Yuemoj.h */; settings = {ATTRIBUTES = (Public, ); }; };
		5B7DAA4A2BFE185900578A05 /* Yuemoj.m in Sources */ = {isa = PBXBuildFile; fileRef = 5B7DAA482BFE185900578A05 /* Yuemoj.m */; };
		5B99A8DB2C21A04A0065002B /* YJTabEnums.h in Headers */ = {isa = PBXBuildFile; fileRef = 5B99A8D52C21A04A0065002B /* YJTabEnums.h */; };
		5B99A8DC2C21A04A0065002B /* YJTabLayoutViewModel.h in Headers */ = {isa = PBXBuildFile; fileRef = 5B99A8D62C21A04A0065002B /* YJTabLayoutViewModel.h */; };
		5B99A8DD2C21A04A0065002B /* YJTabLayoutViewModel.m in Sources */ = {isa = PBXBuildFile; fileRef = 5B99A8D72C21A04A0065002B /* YJTabLayoutViewModel.m */; };
		5B99A8DE2C21A04A0065002B /* YJTabView.h in Headers */ = {isa = PBXBuildFile; fileRef = 5B99A8D82C21A04A0065002B /* YJTabView.h */; };
		5B99A8DF2C21A04A0065002B /* YJTabView.m in Sources */ = {isa = PBXBuildFile; fileRef = 5B99A8D92C21A04A0065002B /* YJTabView.m */; };
		5BC57DB42BF7055100E4CA42 /* YuemojMetamacros.h in Headers */ = {isa = PBXBuildFile; fileRef = 5BC57DB32BF7055100E4CA42 /* YuemojMetamacros.h */; settings = {ATTRIBUTES = (Public, ); }; };
		5BC57DB82BF7546E00E4CA42 /* YJArrayNamespace.m in Sources */ = {isa = PBXBuildFile; fileRef = 5BC57DB62BF7546E00E4CA42 /* YJArrayNamespace.m */; };
		5BD123682C00338C0051257D /* YuemojCoreTypes.h in Headers */ = {isa = PBXBuildFile; fileRef = 5BD123672C00338C0051257D /* YuemojCoreTypes.h */; settings = {ATTRIBUTES = (Public, ); }; };
		5BD888A62BF4B10300034AB0 /* YuemojUIAbilities.h in Headers */ = {isa = PBXBuildFile; fileRef = 5BD888A52BF4B10300034AB0 /* YuemojUIAbilities.h */; settings = {ATTRIBUTES = (Public, ); }; };
		5BD888AA2BF4B76A00034AB0 /* YJActionNamespace.m in Sources */ = {isa = PBXBuildFile; fileRef = 5BD888A82BF4B76A00034AB0 /* YJActionNamespace.m */; };
		5BD888AE2BF4B77B00034AB0 /* YJFrameNamespace.m in Sources */ = {isa = PBXBuildFile; fileRef = 5BD888AC2BF4B77B00034AB0 /* YJFrameNamespace.m */; };
		5BD888B22BF4B78700034AB0 /* YJArrangeNamespace.m in Sources */ = {isa = PBXBuildFile; fileRef = 5BD888B02BF4B78700034AB0 /* YJArrangeNamespace.m */; };
		5BD888B52BF4D3FD00034AB0 /* UIKit+Yuemoj.h in Headers */ = {isa = PBXBuildFile; fileRef = 5BD888B32BF4D3FD00034AB0 /* UIKit+Yuemoj.h */; settings = {ATTRIBUTES = (Public, ); }; };
		5BD888B62BF4D3FD00034AB0 /* UIKit+Yuemoj.m in Sources */ = {isa = PBXBuildFile; fileRef = 5BD888B42BF4D3FD00034AB0 /* UIKit+Yuemoj.m */; };
		5BECA1122BDE3BD600B95DF0 /* YuemojKit.docc in Sources */ = {isa = PBXBuildFile; fileRef = 5BECA1112BDE3BD600B95DF0 /* YuemojKit.docc */; };
		5BECA1132BDE3BD600B95DF0 /* YuemojKit.h in Headers */ = {isa = PBXBuildFile; fileRef = 5BECA1102BDE3BD600B95DF0 /* YuemojKit.h */; settings = {ATTRIBUTES = (Public, ); }; };
		5BECA1362BDE42C800B95DF0 /* UIKit.framework in Frameworks */ = {isa = PBXBuildFile; fileRef = 5BECA1352BDE42C800B95DF0 /* UIKit.framework */; };
		5BF073372BF5A8FB0071EAB4 /* YJExtraNamespace.m in Sources */ = {isa = PBXBuildFile; fileRef = 5BF073352BF5A8FB0071EAB4 /* YJExtraNamespace.m */; };
		5BF0733A2BF5ADB30071EAB4 /* YJUIKitNamespace.h in Headers */ = {isa = PBXBuildFile; fileRef = 5BF073382BF5ADB30071EAB4 /* YJUIKitNamespace.h */; };
		5BF0733B2BF5ADB30071EAB4 /* YJUIKitNamespace.m in Sources */ = {isa = PBXBuildFile; fileRef = 5BF073392BF5ADB30071EAB4 /* YJUIKitNamespace.m */; };
		5BF0733F2BF5E82A0071EAB4 /* YJHyperlinkNamespace.m in Sources */ = {isa = PBXBuildFile; fileRef = 5BF0733D2BF5E82A0071EAB4 /* YJHyperlinkNamespace.m */; };
		5BF073452BF5FF420071EAB4 /* YuemojFoundationAbilities.h in Headers */ = {isa = PBXBuildFile; fileRef = 5BF073442BF5FF420071EAB4 /* YuemojFoundationAbilities.h */; settings = {ATTRIBUTES = (Public, ); }; };
		5BF073482BF60A9B0071EAB4 /* Foundation+Yuemoj.h in Headers */ = {isa = PBXBuildFile; fileRef = 5BF073462BF60A9B0071EAB4 /* Foundation+Yuemoj.h */; settings = {ATTRIBUTES = (Public, ); }; };
		5BF073492BF60A9B0071EAB4 /* Foundation+Yuemoj.m in Sources */ = {isa = PBXBuildFile; fileRef = 5BF073472BF60A9B0071EAB4 /* Foundation+Yuemoj.m */; };
		5BF0734C2BF60B440071EAB4 /* YJFoundationNamespace.h in Headers */ = {isa = PBXBuildFile; fileRef = 5BF0734A2BF60B440071EAB4 /* YJFoundationNamespace.h */; };
		5BF0734D2BF60B440071EAB4 /* YJFoundationNamespace.m in Sources */ = {isa = PBXBuildFile; fileRef = 5BF0734B2BF60B440071EAB4 /* YJFoundationNamespace.m */; };
		5BF073512BF60B660071EAB4 /* YJStringNamespace.m in Sources */ = {isa = PBXBuildFile; fileRef = 5BF0734F2BF60B660071EAB4 /* YJStringNamespace.m */; };
		91857AF52A2CF9B1D5F019D1 /* Pods_YuemojKit.framework in Frameworks */ = {isa = PBXBuildFile; fileRef = 859F124C8DCCB24BB679C1B8 /* Pods_YuemojKit.framework */; };
/* End PBXBuildFile section */

/* Begin PBXFileReference section */
		39A382E92446090AAB573E50 /* Pods-YuemojKit.debug.xcconfig */ = {isa = PBXFileReference; includeInIndex = 1; lastKnownFileType = text.xcconfig; name = "Pods-YuemojKit.debug.xcconfig"; path = "Target Support Files/Pods-YuemojKit/Pods-YuemojKit.debug.xcconfig"; sourceTree = "<group>"; };
		5B48571E2C05806B004E2E0E /* YJEventBuildDelegate.h */ = {isa = PBXFileReference; fileEncoding = 4; lastKnownFileType = sourcecode.c.h; path = YJEventBuildDelegate.h; sourceTree = "<group>"; };
		5B48571F2C05806B004E2E0E /* YJEventBuilder.h */ = {isa = PBXFileReference; fileEncoding = 4; lastKnownFileType = sourcecode.c.h; path = YJEventBuilder.h; sourceTree = "<group>"; };
		5B4857202C05806B004E2E0E /* YJEventBuilder.m */ = {isa = PBXFileReference; fileEncoding = 4; lastKnownFileType = sourcecode.c.objc; path = YJEventBuilder.m; sourceTree = "<group>"; };
		5B4857212C05806B004E2E0E /* YJEventBuilderProtocol.h */ = {isa = PBXFileReference; fileEncoding = 4; lastKnownFileType = sourcecode.c.h; path = YJEventBuilderProtocol.h; sourceTree = "<group>"; };
		5B4857222C05806B004E2E0E /* YJEventBuildNamespace.h */ = {isa = PBXFileReference; fileEncoding = 4; lastKnownFileType = sourcecode.c.h; path = YJEventBuildNamespace.h; sourceTree = "<group>"; };
		5B4857232C05806B004E2E0E /* YJEventBuildNamespace.m */ = {isa = PBXFileReference; fileEncoding = 4; lastKnownFileType = sourcecode.c.objc; path = YJEventBuildNamespace.m; sourceTree = "<group>"; };
		5B4857252C05806B004E2E0E /* YJDataFillDataSource.h */ = {isa = PBXFileReference; fileEncoding = 4; lastKnownFileType = sourcecode.c.h; path = YJDataFillDataSource.h; sourceTree = "<group>"; };
		5B4857262C05806B004E2E0E /* YJDataFillDelegate.h */ = {isa = PBXFileReference; fileEncoding = 4; lastKnownFileType = sourcecode.c.h; path = YJDataFillDelegate.h; sourceTree = "<group>"; };
		5B4857272C05806B004E2E0E /* YJDataFiller.h */ = {isa = PBXFileReference; fileEncoding = 4; lastKnownFileType = sourcecode.c.h; path = YJDataFiller.h; sourceTree = "<group>"; };
		5B4857282C05806B004E2E0E /* YJDataFiller.m */ = {isa = PBXFileReference; fileEncoding = 4; lastKnownFileType = sourcecode.c.objc; path = YJDataFiller.m; sourceTree = "<group>"; };
		5B4857292C05806B004E2E0E /* YJDataFillerProtocol.h */ = {isa = PBXFileReference; fileEncoding = 4; lastKnownFileType = sourcecode.c.h; path = YJDataFillerProtocol.h; sourceTree = "<group>"; };
		5B48572A2C05806B004E2E0E /* YJDataFillNamespace.h */ = {isa = PBXFileReference; fileEncoding = 4; lastKnownFileType = sourcecode.c.h; path = YJDataFillNamespace.h; sourceTree = "<group>"; };
		5B48572B2C05806B004E2E0E /* YJDataFillNamespace.m */ = {isa = PBXFileReference; fileEncoding = 4; lastKnownFileType = sourcecode.c.objc; path = YJDataFillNamespace.m; sourceTree = "<group>"; };
		5B48572C2C05806B004E2E0E /* YJDataFillTypes.h */ = {isa = PBXFileReference; fileEncoding = 4; lastKnownFileType = sourcecode.c.h; path = YJDataFillTypes.h; sourceTree = "<group>"; };
		5B48572E2C05806B004E2E0E /* YJLayoutDataSource.h */ = {isa = PBXFileReference; fileEncoding = 4; lastKnownFileType = sourcecode.c.h; path = YJLayoutDataSource.h; sourceTree = "<group>"; };
		5B48572F2C05806B004E2E0E /* YJLayoutDelegate.h */ = {isa = PBXFileReference; fileEncoding = 4; lastKnownFileType = sourcecode.c.h; path = YJLayoutDelegate.h; sourceTree = "<group>"; };
		5B4857302C05806B004E2E0E /* YJLayouter.h */ = {isa = PBXFileReference; fileEncoding = 4; lastKnownFileType = sourcecode.c.h; path = YJLayouter.h; sourceTree = "<group>"; };
		5B4857312C05806B004E2E0E /* YJLayouter.m */ = {isa = PBXFileReference; fileEncoding = 4; lastKnownFileType = sourcecode.c.objc; path = YJLayouter.m; sourceTree = "<group>"; };
		5B4857322C05806B004E2E0E /* YJLayouterProtocol.h */ = {isa = PBXFileReference; fileEncoding = 4; lastKnownFileType = sourcecode.c.h; path = YJLayouterProtocol.h; sourceTree = "<group>"; };
		5B4857332C05806B004E2E0E /* YJLayoutModels.h */ = {isa = PBXFileReference; fileEncoding = 4; lastKnownFileType = sourcecode.c.h; path = YJLayoutModels.h; sourceTree = "<group>"; };
		5B4857342C05806B004E2E0E /* YJLayoutModels.m */ = {isa = PBXFileReference; fileEncoding = 4; lastKnownFileType = sourcecode.c.objc; path = YJLayoutModels.m; sourceTree = "<group>"; };
		5B4857352C05806B004E2E0E /* YJLayoutNamespace.h */ = {isa = PBXFileReference; fileEncoding = 4; lastKnownFileType = sourcecode.c.h; path = YJLayoutNamespace.h; sourceTree = "<group>"; };
		5B4857362C05806B004E2E0E /* YJLayoutNamespace.m */ = {isa = PBXFileReference; fileEncoding = 4; lastKnownFileType = sourcecode.c.objc; path = YJLayoutNamespace.m; sourceTree = "<group>"; };
		5B4857382C05806B004E2E0E /* YJComponentDataSource.h */ = {isa = PBXFileReference; fileEncoding = 4; lastKnownFileType = sourcecode.c.h; path = YJComponentDataSource.h; sourceTree = "<group>"; };
		5B4857392C05806B004E2E0E /* YJComponentWrapper.h */ = {isa = PBXFileReference; fileEncoding = 4; lastKnownFileType = sourcecode.c.h; path = YJComponentWrapper.h; sourceTree = "<group>"; };
		5B48573A2C05806B004E2E0E /* YJComponentWrapper.m */ = {isa = PBXFileReference; fileEncoding = 4; lastKnownFileType = sourcecode.c.objc; path = YJComponentWrapper.m; sourceTree = "<group>"; };
		5B48573C2C05806B004E2E0E /* YJDataSource.h */ = {isa = PBXFileReference; fileEncoding = 4; lastKnownFileType = sourcecode.c.h; path = YJDataSource.h; sourceTree = "<group>"; };
		5B48573D2C05806B004E2E0E /* YJDataSource.m */ = {isa = PBXFileReference; fileEncoding = 4; lastKnownFileType = sourcecode.c.objc; path = YJDataSource.m; sourceTree = "<group>"; };
		5B48573E2C05806B004E2E0E /* YJGroupDataSource.m */ = {isa = PBXFileReference; fileEncoding = 4; lastKnownFileType = sourcecode.c.objc; path = YJGroupDataSource.m; sourceTree = "<group>"; };
		5B48573F2C05806B004E2E0E /* YJGroupModel.h */ = {isa = PBXFileReference; fileEncoding = 4; lastKnownFileType = sourcecode.c.h; path = YJGroupModel.h; sourceTree = "<group>"; };
		5B4857402C05806B004E2E0E /* YJGroupModel.m */ = {isa = PBXFileReference; fileEncoding = 4; lastKnownFileType = sourcecode.c.objc; path = YJGroupModel.m; sourceTree = "<group>"; };
		5B4857422C05806B004E2E0E /* YJBoundedBuffer.h */ = {isa = PBXFileReference; fileEncoding = 4; lastKnownFileType = sourcecode.c.h; path = YJBoundedBuffer.h; sourceTree = "<group>"; };
		5B4857432C05806B004E2E0E /* YJBoundedBuffer.m */ = {isa = PBXFileReference; fileEncoding = 4; lastKnownFileType = sourcecode.c.objc; path = YJBoundedBuffer.m; sourceTree = "<group>"; };
		5B4857442C05806B004E2E0E /* YJOrderJSON.h */ = {isa = PBXFileReference; fileEncoding = 4; lastKnownFileType = sourcecode.c.h; path = YJOrderJSON.h; sourceTree = "<group>"; };
		5B4857452C05806B004E2E0E /* YJOrderJSON.m */ = {isa = PBXFileReference; fileEncoding = 4; lastKnownFileType = sourcecode.c.objc; path = YJOrderJSON.m; sourceTree = "<group>"; };
		5B7DAA452BFDE82400578A05 /* YuemojKit.podspec */ = {isa = PBXFileReference; fileEncoding = 4; lastKnownFileType = text; path = YuemojKit.podspec; sourceTree = SOURCE_ROOT; xcLanguageSpecificationIdentifier = xcode.lang.ruby; };
		5B7DAA472BFE185900578A05 /* Yuemoj.h */ = {isa = PBXFileReference; fileEncoding = 4; lastKnownFileType = sourcecode.c.h; path = Yuemoj.h; sourceTree = "<group>"; };
		5B7DAA482BFE185900578A05 /* Yuemoj.m */ = {isa = PBXFileReference; fileEncoding = 4; lastKnownFileType = sourcecode.c.objc; path = Yuemoj.m; sourceTree = "<group>"; };
		5B99A8D52C21A04A0065002B /* YJTabEnums.h */ = {isa = PBXFileReference; fileEncoding = 4; lastKnownFileType = sourcecode.c.h; path = YJTabEnums.h; sourceTree = "<group>"; };
		5B99A8D62C21A04A0065002B /* YJTabLayoutViewModel.h */ = {isa = PBXFileReference; fileEncoding = 4; lastKnownFileType = sourcecode.c.h; path = YJTabLayoutViewModel.h; sourceTree = "<group>"; };
		5B99A8D72C21A04A0065002B /* YJTabLayoutViewModel.m */ = {isa = PBXFileReference; fileEncoding = 4; lastKnownFileType = sourcecode.c.objc; path = YJTabLayoutViewModel.m; sourceTree = "<group>"; };
		5B99A8D82C21A04A0065002B /* YJTabView.h */ = {isa = PBXFileReference; fileEncoding = 4; lastKnownFileType = sourcecode.c.h; path = YJTabView.h; sourceTree = "<group>"; };
		5B99A8D92C21A04A0065002B /* YJTabView.m */ = {isa = PBXFileReference; fileEncoding = 4; lastKnownFileType = sourcecode.c.objc; path = YJTabView.m; sourceTree = "<group>"; };
		5BC57DB32BF7055100E4CA42 /* YuemojMetamacros.h */ = {isa = PBXFileReference; fileEncoding = 4; lastKnownFileType = sourcecode.c.h; path = YuemojMetamacros.h; sourceTree = "<group>"; };
		5BC57DB62BF7546E00E4CA42 /* YJArrayNamespace.m */ = {isa = PBXFileReference; lastKnownFileType = sourcecode.c.objc; path = YJArrayNamespace.m; sourceTree = "<group>"; };
		5BD123672C00338C0051257D /* YuemojCoreTypes.h */ = {isa = PBXFileReference; fileEncoding = 4; lastKnownFileType = sourcecode.c.h; path = YuemojCoreTypes.h; sourceTree = "<group>"; };
		5BD888A52BF4B10300034AB0 /* YuemojUIAbilities.h */ = {isa = PBXFileReference; lastKnownFileType = sourcecode.c.h; path = YuemojUIAbilities.h; sourceTree = "<group>"; };
		5BD888A82BF4B76A00034AB0 /* YJActionNamespace.m */ = {isa = PBXFileReference; lastKnownFileType = sourcecode.c.objc; path = YJActionNamespace.m; sourceTree = "<group>"; };
		5BD888AC2BF4B77B00034AB0 /* YJFrameNamespace.m */ = {isa = PBXFileReference; lastKnownFileType = sourcecode.c.objc; path = YJFrameNamespace.m; sourceTree = "<group>"; };
		5BD888B02BF4B78700034AB0 /* YJArrangeNamespace.m */ = {isa = PBXFileReference; lastKnownFileType = sourcecode.c.objc; path = YJArrangeNamespace.m; sourceTree = "<group>"; };
		5BD888B32BF4D3FD00034AB0 /* UIKit+Yuemoj.h */ = {isa = PBXFileReference; lastKnownFileType = sourcecode.c.h; path = "UIKit+Yuemoj.h"; sourceTree = "<group>"; };
		5BD888B42BF4D3FD00034AB0 /* UIKit+Yuemoj.m */ = {isa = PBXFileReference; lastKnownFileType = sourcecode.c.objc; path = "UIKit+Yuemoj.m"; sourceTree = "<group>"; };
		5BECA10D2BDE3BD600B95DF0 /* YuemojKit.framework */ = {isa = PBXFileReference; explicitFileType = wrapper.framework; includeInIndex = 0; path = YuemojKit.framework; sourceTree = BUILT_PRODUCTS_DIR; };
		5BECA1102BDE3BD600B95DF0 /* YuemojKit.h */ = {isa = PBXFileReference; lastKnownFileType = sourcecode.c.h; path = YuemojKit.h; sourceTree = "<group>"; };
		5BECA1112BDE3BD600B95DF0 /* YuemojKit.docc */ = {isa = PBXFileReference; lastKnownFileType = folder.documentationcatalog; path = YuemojKit.docc; sourceTree = "<group>"; };
		5BECA1352BDE42C800B95DF0 /* UIKit.framework */ = {isa = PBXFileReference; lastKnownFileType = wrapper.framework; name = UIKit.framework; path = Platforms/MacOSX.platform/Developer/SDKs/MacOSX14.4.sdk/System/iOSSupport/System/Library/Frameworks/UIKit.framework; sourceTree = DEVELOPER_DIR; };
		5BECA1552BDE642500B95DF0 /* YuemojMacros.h */ = {isa = PBXFileReference; lastKnownFileType = sourcecode.c.h; path = YuemojMacros.h; sourceTree = "<group>"; };
		5BF073352BF5A8FB0071EAB4 /* YJExtraNamespace.m */ = {isa = PBXFileReference; lastKnownFileType = sourcecode.c.objc; path = YJExtraNamespace.m; sourceTree = "<group>"; };
		5BF073382BF5ADB30071EAB4 /* YJUIKitNamespace.h */ = {isa = PBXFileReference; lastKnownFileType = sourcecode.c.h; path = YJUIKitNamespace.h; sourceTree = "<group>"; };
		5BF073392BF5ADB30071EAB4 /* YJUIKitNamespace.m */ = {isa = PBXFileReference; lastKnownFileType = sourcecode.c.objc; path = YJUIKitNamespace.m; sourceTree = "<group>"; };
		5BF0733D2BF5E82A0071EAB4 /* YJHyperlinkNamespace.m */ = {isa = PBXFileReference; lastKnownFileType = sourcecode.c.objc; path = YJHyperlinkNamespace.m; sourceTree = "<group>"; };
		5BF073442BF5FF420071EAB4 /* YuemojFoundationAbilities.h */ = {isa = PBXFileReference; lastKnownFileType = sourcecode.c.h; path = YuemojFoundationAbilities.h; sourceTree = "<group>"; };
		5BF073462BF60A9B0071EAB4 /* Foundation+Yuemoj.h */ = {isa = PBXFileReference; lastKnownFileType = sourcecode.c.h; path = "Foundation+Yuemoj.h"; sourceTree = "<group>"; };
		5BF073472BF60A9B0071EAB4 /* Foundation+Yuemoj.m */ = {isa = PBXFileReference; lastKnownFileType = sourcecode.c.objc; path = "Foundation+Yuemoj.m"; sourceTree = "<group>"; };
		5BF0734A2BF60B440071EAB4 /* YJFoundationNamespace.h */ = {isa = PBXFileReference; lastKnownFileType = sourcecode.c.h; path = YJFoundationNamespace.h; sourceTree = "<group>"; };
		5BF0734B2BF60B440071EAB4 /* YJFoundationNamespace.m */ = {isa = PBXFileReference; lastKnownFileType = sourcecode.c.objc; path = YJFoundationNamespace.m; sourceTree = "<group>"; };
		5BF0734F2BF60B660071EAB4 /* YJStringNamespace.m */ = {isa = PBXFileReference; lastKnownFileType = sourcecode.c.objc; path = YJStringNamespace.m; sourceTree = "<group>"; };
		859F124C8DCCB24BB679C1B8 /* Pods_YuemojKit.framework */ = {isa = PBXFileReference; explicitFileType = wrapper.framework; includeInIndex = 0; path = Pods_YuemojKit.framework; sourceTree = BUILT_PRODUCTS_DIR; };
		E59EA9D907CFFDA82875B96A /* Pods-YuemojKit.release.xcconfig */ = {isa = PBXFileReference; includeInIndex = 1; lastKnownFileType = text.xcconfig; name = "Pods-YuemojKit.release.xcconfig"; path = "Target Support Files/Pods-YuemojKit/Pods-YuemojKit.release.xcconfig"; sourceTree = "<group>"; };
/* End PBXFileReference section */

/* Begin PBXFrameworksBuildPhase section */
		5BECA10A2BDE3BD600B95DF0 /* Frameworks */ = {
			isa = PBXFrameworksBuildPhase;
			buildActionMask = 2147483647;
			files = (
				5BECA1362BDE42C800B95DF0 /* UIKit.framework in Frameworks */,
				91857AF52A2CF9B1D5F019D1 /* Pods_YuemojKit.framework in Frameworks */,
			);
			runOnlyForDeploymentPostprocessing = 0;
		};
/* End PBXFrameworksBuildPhase section */

/* Begin PBXGroup section */
		5B4857242C05806B004E2E0E /* EventBuilder */ = {
			isa = PBXGroup;
			children = (
				5B48571E2C05806B004E2E0E /* YJEventBuildDelegate.h */,
				5B48571F2C05806B004E2E0E /* YJEventBuilder.h */,
				5B4857202C05806B004E2E0E /* YJEventBuilder.m */,
				5B4857212C05806B004E2E0E /* YJEventBuilderProtocol.h */,
				5B4857222C05806B004E2E0E /* YJEventBuildNamespace.h */,
				5B4857232C05806B004E2E0E /* YJEventBuildNamespace.m */,
			);
			path = EventBuilder;
			sourceTree = "<group>";
		};
		5B48572D2C05806B004E2E0E /* Filler */ = {
			isa = PBXGroup;
			children = (
				5B4857252C05806B004E2E0E /* YJDataFillDataSource.h */,
				5B4857262C05806B004E2E0E /* YJDataFillDelegate.h */,
				5B4857272C05806B004E2E0E /* YJDataFiller.h */,
				5B4857282C05806B004E2E0E /* YJDataFiller.m */,
				5B4857292C05806B004E2E0E /* YJDataFillerProtocol.h */,
				5B48572A2C05806B004E2E0E /* YJDataFillNamespace.h */,
				5B48572B2C05806B004E2E0E /* YJDataFillNamespace.m */,
				5B48572C2C05806B004E2E0E /* YJDataFillTypes.h */,
			);
			path = Filler;
			sourceTree = "<group>";
		};
		5B4857372C05806B004E2E0E /* Layouter */ = {
			isa = PBXGroup;
			children = (
				5B48572E2C05806B004E2E0E /* YJLayoutDataSource.h */,
				5B48572F2C05806B004E2E0E /* YJLayoutDelegate.h */,
				5B4857302C05806B004E2E0E /* YJLayouter.h */,
				5B4857312C05806B004E2E0E /* YJLayouter.m */,
				5B4857322C05806B004E2E0E /* YJLayouterProtocol.h */,
				5B4857332C05806B004E2E0E /* YJLayoutModels.h */,
				5B4857342C05806B004E2E0E /* YJLayoutModels.m */,
				5B4857352C05806B004E2E0E /* YJLayoutNamespace.h */,
				5B4857362C05806B004E2E0E /* YJLayoutNamespace.m */,
			);
			path = Layouter;
			sourceTree = "<group>";
		};
		5B48573B2C05806B004E2E0E /* ComponentSupport */ = {
			isa = PBXGroup;
			children = (
				5B4857242C05806B004E2E0E /* EventBuilder */,
				5B48572D2C05806B004E2E0E /* Filler */,
				5B4857372C05806B004E2E0E /* Layouter */,
				5B4857382C05806B004E2E0E /* YJComponentDataSource.h */,
				5B4857392C05806B004E2E0E /* YJComponentWrapper.h */,
				5B48573A2C05806B004E2E0E /* YJComponentWrapper.m */,
			);
			path = ComponentSupport;
			sourceTree = "<group>";
		};
		5B4857412C05806B004E2E0E /* DataSource */ = {
			isa = PBXGroup;
			children = (
				5B48573C2C05806B004E2E0E /* YJDataSource.h */,
				5B48573D2C05806B004E2E0E /* YJDataSource.m */,
				5B48573E2C05806B004E2E0E /* YJGroupDataSource.m */,
				5B48573F2C05806B004E2E0E /* YJGroupModel.h */,
				5B4857402C05806B004E2E0E /* YJGroupModel.m */,
			);
			path = DataSource;
			sourceTree = "<group>";
		};
		5B4857462C05806B004E2E0E /* Tools */ = {
			isa = PBXGroup;
			children = (
				5B4857422C05806B004E2E0E /* YJBoundedBuffer.h */,
				5B4857432C05806B004E2E0E /* YJBoundedBuffer.m */,
				5B4857442C05806B004E2E0E /* YJOrderJSON.h */,
				5B4857452C05806B004E2E0E /* YJOrderJSON.m */,
			);
			path = Tools;
			sourceTree = "<group>";
		};
		5B7AEC862C0970CC003C438D /* ComponentGallery */ = {
			isa = PBXGroup;
			children = (
				5B99A8DA2C21A04A0065002B /* TabView */,
			);
			path = ComponentGallery;
			sourceTree = "<group>";
		};
		5B99A8DA2C21A04A0065002B /* TabView */ = {
			isa = PBXGroup;
			children = (
				5B99A8D52C21A04A0065002B /* YJTabEnums.h */,
				5B99A8D62C21A04A0065002B /* YJTabLayoutViewModel.h */,
				5B99A8D72C21A04A0065002B /* YJTabLayoutViewModel.m */,
				5B99A8D82C21A04A0065002B /* YJTabView.h */,
				5B99A8D92C21A04A0065002B /* YJTabView.m */,
			);
			path = TabView;
			sourceTree = "<group>";
		};
		5BD888972BF4AB3600034AB0 /* UIKit */ = {
			isa = PBXGroup;
			children = (
				5BD888A52BF4B10300034AB0 /* YuemojUIAbilities.h */,
				5BF073382BF5ADB30071EAB4 /* YJUIKitNamespace.h */,
				5BF073392BF5ADB30071EAB4 /* YJUIKitNamespace.m */,
				5BF073402BF5F9A20071EAB4 /* View */,
				5BF073412BF5F9B70071EAB4 /* Button */,
				5BF073422BF5F9C00071EAB4 /* Label */,
				5BD888B32BF4D3FD00034AB0 /* UIKit+Yuemoj.h */,
				5BD888B42BF4D3FD00034AB0 /* UIKit+Yuemoj.m */,
			);
			path = UIKit;
			sourceTree = "<group>";
		};
		5BECA1032BDE3BD600B95DF0 = {
			isa = PBXGroup;
			children = (
				5BECA10F2BDE3BD600B95DF0 /* YuemojKit */,
				5BECA10E2BDE3BD600B95DF0 /* Products */,
				5BECA1342BDE42C800B95DF0 /* Frameworks */,
				A867060D791066BC924936F4 /* Pods */,
			);
			sourceTree = "<group>";
		};
		5BECA10E2BDE3BD600B95DF0 /* Products */ = {
			isa = PBXGroup;
			children = (
				5BECA10D2BDE3BD600B95DF0 /* YuemojKit.framework */,
			);
			name = Products;
			sourceTree = "<group>";
		};
		5BECA10F2BDE3BD600B95DF0 /* YuemojKit */ = {
			isa = PBXGroup;
			children = (
				5B7AEC862C0970CC003C438D /* ComponentGallery */,
				5B48573B2C05806B004E2E0E /* ComponentSupport */,
				5B4857412C05806B004E2E0E /* DataSource */,
				5B4857462C05806B004E2E0E /* Tools */,
				5B7DAA452BFDE82400578A05 /* YuemojKit.podspec */,
				5B7DAA472BFE185900578A05 /* Yuemoj.h */,
				5B7DAA482BFE185900578A05 /* Yuemoj.m */,
				5BD123672C00338C0051257D /* YuemojCoreTypes.h */,
				5BECA1552BDE642500B95DF0 /* YuemojMacros.h */,
				5BC57DB32BF7055100E4CA42 /* YuemojMetamacros.h */,
				5BF073432BF5FEE70071EAB4 /* Foundation */,
				5BD888972BF4AB3600034AB0 /* UIKit */,
				5BECA1102BDE3BD600B95DF0 /* YuemojKit.h */,
				5BECA1112BDE3BD600B95DF0 /* YuemojKit.docc */,
			);
			path = YuemojKit;
			sourceTree = "<group>";
		};
		5BECA1342BDE42C800B95DF0 /* Frameworks */ = {
			isa = PBXGroup;
			children = (
				5BECA1352BDE42C800B95DF0 /* UIKit.framework */,
				859F124C8DCCB24BB679C1B8 /* Pods_YuemojKit.framework */,
			);
			name = Frameworks;
			sourceTree = "<group>";
		};
		5BF073402BF5F9A20071EAB4 /* View */ = {
			isa = PBXGroup;
			children = (
				5BF073352BF5A8FB0071EAB4 /* YJExtraNamespace.m */,
				5BD888A82BF4B76A00034AB0 /* YJActionNamespace.m */,
				5BD888AC2BF4B77B00034AB0 /* YJFrameNamespace.m */,
			);
			name = View;
			sourceTree = "<group>";
		};
		5BF073412BF5F9B70071EAB4 /* Button */ = {
			isa = PBXGroup;
			children = (
				5BD888B02BF4B78700034AB0 /* YJArrangeNamespace.m */,
			);
			name = Button;
			sourceTree = "<group>";
		};
		5BF073422BF5F9C00071EAB4 /* Label */ = {
			isa = PBXGroup;
			children = (
				5BF0733D2BF5E82A0071EAB4 /* YJHyperlinkNamespace.m */,
			);
			name = Label;
			sourceTree = "<group>";
		};
		5BF073432BF5FEE70071EAB4 /* Foundation */ = {
			isa = PBXGroup;
			children = (
				5BF073442BF5FF420071EAB4 /* YuemojFoundationAbilities.h */,
				5BF0734A2BF60B440071EAB4 /* YJFoundationNamespace.h */,
				5BF0734B2BF60B440071EAB4 /* YJFoundationNamespace.m */,
				5BF0734F2BF60B660071EAB4 /* YJStringNamespace.m */,
				5BC57DB62BF7546E00E4CA42 /* YJArrayNamespace.m */,
				5BF073462BF60A9B0071EAB4 /* Foundation+Yuemoj.h */,
				5BF073472BF60A9B0071EAB4 /* Foundation+Yuemoj.m */,
			);
			path = Foundation;
			sourceTree = "<group>";
		};
		A867060D791066BC924936F4 /* Pods */ = {
			isa = PBXGroup;
			children = (
				39A382E92446090AAB573E50 /* Pods-YuemojKit.debug.xcconfig */,
				E59EA9D907CFFDA82875B96A /* Pods-YuemojKit.release.xcconfig */,
			);
			path = Pods;
			sourceTree = "<group>";
		};
/* End PBXGroup section */

/* Begin PBXHeadersBuildPhase section */
		5BECA1082BDE3BD600B95DF0 /* Headers */ = {
			isa = PBXHeadersBuildPhase;
			buildActionMask = 2147483647;
			files = (
				5BC57DB42BF7055100E4CA42 /* YuemojMetamacros.h in Headers */,
				5BD123682C00338C0051257D /* YuemojCoreTypes.h in Headers */,
				5BF073482BF60A9B0071EAB4 /* Foundation+Yuemoj.h in Headers */,
				5BF073452BF5FF420071EAB4 /* YuemojFoundationAbilities.h in Headers */,
				5B99A8DC2C21A04A0065002B /* YJTabLayoutViewModel.h in Headers */,
				5B4857562C05806B004E2E0E /* YJLayoutDelegate.h in Headers */,
				5B7DAA492BFE185900578A05 /* Yuemoj.h in Headers */,
				5B4857662C05806B004E2E0E /* YJBoundedBuffer.h in Headers */,
				5B99A8DB2C21A04A0065002B /* YJTabEnums.h in Headers */,
				5B4857512C05806B004E2E0E /* YJDataFillerProtocol.h in Headers */,
				5BD888B52BF4D3FD00034AB0 /* UIKit+Yuemoj.h in Headers */,
				5B4857542C05806B004E2E0E /* YJDataFillTypes.h in Headers */,
				5B4857592C05806B004E2E0E /* YJLayouterProtocol.h in Headers */,
				5B4857682C05806B004E2E0E /* YJOrderJSON.h in Headers */,
				5BD888A62BF4B10300034AB0 /* YuemojUIAbilities.h in Headers */,
				5B48574D2C05806B004E2E0E /* YJDataFillDataSource.h in Headers */,
				5B48574A2C05806B004E2E0E /* YJEventBuilderProtocol.h in Headers */,
				5B4857612C05806B004E2E0E /* YJDataSource.h in Headers */,
				5B48575A2C05806B004E2E0E /* YJLayoutModels.h in Headers */,
				5B4857642C05806B004E2E0E /* YJGroupModel.h in Headers */,
				5B48576B2C05A569004E2E0E /* YuemojMacros.h in Headers */,
				5B4857552C05806B004E2E0E /* YJLayoutDataSource.h in Headers */,
				5B48575E2C05806B004E2E0E /* YJComponentDataSource.h in Headers */,
				5BF0733A2BF5ADB30071EAB4 /* YJUIKitNamespace.h in Headers */,
				5B48574F2C05806B004E2E0E /* YJDataFiller.h in Headers */,
				5B48575F2C05806B004E2E0E /* YJComponentWrapper.h in Headers */,
				5B4857472C05806B004E2E0E /* YJEventBuildDelegate.h in Headers */,
				5BECA1132BDE3BD600B95DF0 /* YuemojKit.h in Headers */,
				5B48575C2C05806B004E2E0E /* YJLayoutNamespace.h in Headers */,
				5B4857572C05806B004E2E0E /* YJLayouter.h in Headers */,
				5B48574B2C05806B004E2E0E /* YJEventBuildNamespace.h in Headers */,
				5B48574E2C05806B004E2E0E /* YJDataFillDelegate.h in Headers */,
				5B99A8DE2C21A04A0065002B /* YJTabView.h in Headers */,
				5B4857522C05806B004E2E0E /* YJDataFillNamespace.h in Headers */,
				5BF0734C2BF60B440071EAB4 /* YJFoundationNamespace.h in Headers */,
				5B4857482C05806B004E2E0E /* YJEventBuilder.h in Headers */,
			);
			runOnlyForDeploymentPostprocessing = 0;
		};
/* End PBXHeadersBuildPhase section */

/* Begin PBXNativeTarget section */
		5BECA10C2BDE3BD600B95DF0 /* YuemojKit */ = {
			isa = PBXNativeTarget;
			buildConfigurationList = 5BECA1162BDE3BD600B95DF0 /* Build configuration list for PBXNativeTarget "YuemojKit" */;
			buildPhases = (
				517F5ECD259B07004AFC0F27 /* [CP] Check Pods Manifest.lock */,
				5BECA1082BDE3BD600B95DF0 /* Headers */,
				5BECA1092BDE3BD600B95DF0 /* Sources */,
				5BECA10A2BDE3BD600B95DF0 /* Frameworks */,
				5BECA10B2BDE3BD600B95DF0 /* Resources */,
			);
			buildRules = (
			);
			dependencies = (
			);
			name = YuemojKit;
			productName = YuemojKit;
			productReference = 5BECA10D2BDE3BD600B95DF0 /* YuemojKit.framework */;
			productType = "com.apple.product-type.framework";
		};
/* End PBXNativeTarget section */

/* Begin PBXProject section */
		5BECA1042BDE3BD600B95DF0 /* Project object */ = {
			isa = PBXProject;
			attributes = {
				BuildIndependentTargetsInParallel = 1;
				LastUpgradeCheck = 1530;
				TargetAttributes = {
					5BECA10C2BDE3BD600B95DF0 = {
						CreatedOnToolsVersion = 15.3;
					};
				};
			};
			buildConfigurationList = 5BECA1072BDE3BD600B95DF0 /* Build configuration list for PBXProject "YuemojKit" */;
			compatibilityVersion = "Xcode 14.0";
			developmentRegion = en;
			hasScannedForEncodings = 0;
			knownRegions = (
				en,
				Base,
			);
			mainGroup = 5BECA1032BDE3BD600B95DF0;
			productRefGroup = 5BECA10E2BDE3BD600B95DF0 /* Products */;
			projectDirPath = "";
			projectRoot = "";
			targets = (
				5BECA10C2BDE3BD600B95DF0 /* YuemojKit */,
			);
		};
/* End PBXProject section */

/* Begin PBXResourcesBuildPhase section */
		5BECA10B2BDE3BD600B95DF0 /* Resources */ = {
			isa = PBXResourcesBuildPhase;
			buildActionMask = 2147483647;
			files = (
				5B7DAA462BFDE82400578A05 /* YuemojKit.podspec in Resources */,
			);
			runOnlyForDeploymentPostprocessing = 0;
		};
/* End PBXResourcesBuildPhase section */

/* Begin PBXShellScriptBuildPhase section */
		517F5ECD259B07004AFC0F27 /* [CP] Check Pods Manifest.lock */ = {
			isa = PBXShellScriptBuildPhase;
			buildActionMask = 2147483647;
			files = (
			);
			inputFileListPaths = (
			);
			inputPaths = (
				"${PODS_PODFILE_DIR_PATH}/Podfile.lock",
				"${PODS_ROOT}/Manifest.lock",
			);
			name = "[CP] Check Pods Manifest.lock";
			outputFileListPaths = (
			);
			outputPaths = (
				"$(DERIVED_FILE_DIR)/Pods-YuemojKit-checkManifestLockResult.txt",
			);
			runOnlyForDeploymentPostprocessing = 0;
			shellPath = /bin/sh;
			shellScript = "diff \"${PODS_PODFILE_DIR_PATH}/Podfile.lock\" \"${PODS_ROOT}/Manifest.lock\" > /dev/null\nif [ $? != 0 ] ; then\n    # print error to STDERR\n    echo \"error: The sandbox is not in sync with the Podfile.lock. Run 'pod install' or update your CocoaPods installation.\" >&2\n    exit 1\nfi\n# This output is used by Xcode 'outputs' to avoid re-running this script phase.\necho \"SUCCESS\" > \"${SCRIPT_OUTPUT_FILE_0}\"\n";
			showEnvVarsInLog = 0;
		};
/* End PBXShellScriptBuildPhase section */

/* Begin PBXSourcesBuildPhase section */
		5BECA1092BDE3BD600B95DF0 /* Sources */ = {
			isa = PBXSourcesBuildPhase;
			buildActionMask = 2147483647;
			files = (
				5B48575D2C05806B004E2E0E /* YJLayoutNamespace.m in Sources */,
				5BD888AA2BF4B76A00034AB0 /* YJActionNamespace.m in Sources */,
				5BF0734D2BF60B440071EAB4 /* YJFoundationNamespace.m in Sources */,
				5BECA1122BDE3BD600B95DF0 /* YuemojKit.docc in Sources */,
				5B4857672C05806B004E2E0E /* YJBoundedBuffer.m in Sources */,
				5BD888AE2BF4B77B00034AB0 /* YJFrameNamespace.m in Sources */,
				5B4857502C05806B004E2E0E /* YJDataFiller.m in Sources */,
				5B7DAA4A2BFE185900578A05 /* Yuemoj.m in Sources */,
				5B99A8DD2C21A04A0065002B /* YJTabLayoutViewModel.m in Sources */,
				5B48574C2C05806B004E2E0E /* YJEventBuildNamespace.m in Sources */,
				5B48575B2C05806B004E2E0E /* YJLayoutModels.m in Sources */,
				5B99A8DF2C21A04A0065002B /* YJTabView.m in Sources */,
				5B4857622C05806B004E2E0E /* YJDataSource.m in Sources */,
				5BD888B22BF4B78700034AB0 /* YJArrangeNamespace.m in Sources */,
				5B4857532C05806B004E2E0E /* YJDataFillNamespace.m in Sources */,
				5B4857582C05806B004E2E0E /* YJLayouter.m in Sources */,
				5BF0733F2BF5E82A0071EAB4 /* YJHyperlinkNamespace.m in Sources */,
				5BF0733B2BF5ADB30071EAB4 /* YJUIKitNamespace.m in Sources */,
				5BF073372BF5A8FB0071EAB4 /* YJExtraNamespace.m in Sources */,
				5BD888B62BF4D3FD00034AB0 /* UIKit+Yuemoj.m in Sources */,
				5B4857692C05806B004E2E0E /* YJOrderJSON.m in Sources */,
				5B4857602C05806B004E2E0E /* YJComponentWrapper.m in Sources */,
				5BF073492BF60A9B0071EAB4 /* Foundation+Yuemoj.m in Sources */,
				5B4857492C05806B004E2E0E /* YJEventBuilder.m in Sources */,
				5BF073512BF60B660071EAB4 /* YJStringNamespace.m in Sources */,
				5BC57DB82BF7546E00E4CA42 /* YJArrayNamespace.m in Sources */,
				5B4857632C05806B004E2E0E /* YJGroupDataSource.m in Sources */,
			);
			runOnlyForDeploymentPostprocessing = 0;
		};
/* End PBXSourcesBuildPhase section */

/* Begin XCBuildConfiguration section */
		5BECA1142BDE3BD600B95DF0 /* Debug */ = {
			isa = XCBuildConfiguration;
			buildSettings = {
				ALWAYS_SEARCH_USER_PATHS = NO;
				ASSETCATALOG_COMPILER_GENERATE_SWIFT_ASSET_SYMBOL_EXTENSIONS = YES;
				CLANG_ANALYZER_NONNULL = YES;
				CLANG_ANALYZER_NUMBER_OBJECT_CONVERSION = YES_AGGRESSIVE;
				CLANG_CXX_LANGUAGE_STANDARD = "gnu++20";
				CLANG_ENABLE_MODULES = YES;
				CLANG_ENABLE_OBJC_ARC = YES;
				CLANG_ENABLE_OBJC_WEAK = YES;
				CLANG_WARN_BLOCK_CAPTURE_AUTORELEASING = YES;
				CLANG_WARN_BOOL_CONVERSION = YES;
				CLANG_WARN_COMMA = YES;
				CLANG_WARN_CONSTANT_CONVERSION = YES;
				CLANG_WARN_DEPRECATED_OBJC_IMPLEMENTATIONS = YES;
				CLANG_WARN_DIRECT_OBJC_ISA_USAGE = YES_ERROR;
				CLANG_WARN_DOCUMENTATION_COMMENTS = YES;
				CLANG_WARN_EMPTY_BODY = YES;
				CLANG_WARN_ENUM_CONVERSION = YES;
				CLANG_WARN_INFINITE_RECURSION = YES;
				CLANG_WARN_INT_CONVERSION = YES;
				CLANG_WARN_NON_LITERAL_NULL_CONVERSION = YES;
				CLANG_WARN_OBJC_IMPLICIT_RETAIN_SELF = YES;
				CLANG_WARN_OBJC_LITERAL_CONVERSION = YES;
				CLANG_WARN_OBJC_ROOT_CLASS = YES_ERROR;
				CLANG_WARN_QUOTED_INCLUDE_IN_FRAMEWORK_HEADER = YES;
				CLANG_WARN_RANGE_LOOP_ANALYSIS = YES;
				CLANG_WARN_STRICT_PROTOTYPES = YES;
				CLANG_WARN_SUSPICIOUS_MOVE = YES;
				CLANG_WARN_UNGUARDED_AVAILABILITY = YES_AGGRESSIVE;
				CLANG_WARN_UNREACHABLE_CODE = YES;
				CLANG_WARN__DUPLICATE_METHOD_MATCH = YES;
				COPY_PHASE_STRIP = NO;
				CURRENT_PROJECT_VERSION = 1;
				DEBUG_INFORMATION_FORMAT = dwarf;
				ENABLE_STRICT_OBJC_MSGSEND = YES;
				ENABLE_TESTABILITY = YES;
				ENABLE_USER_SCRIPT_SANDBOXING = YES;
				GCC_C_LANGUAGE_STANDARD = gnu17;
				GCC_DYNAMIC_NO_PIC = NO;
				GCC_NO_COMMON_BLOCKS = YES;
				GCC_OPTIMIZATION_LEVEL = 0;
				GCC_PREPROCESSOR_DEFINITIONS = (
					"DEBUG=1",
					"$(inherited)",
				);
				GCC_WARN_64_TO_32_BIT_CONVERSION = YES;
				GCC_WARN_ABOUT_RETURN_TYPE = YES_ERROR;
				GCC_WARN_UNDECLARED_SELECTOR = YES;
				GCC_WARN_UNINITIALIZED_AUTOS = YES_AGGRESSIVE;
				GCC_WARN_UNUSED_FUNCTION = YES;
				GCC_WARN_UNUSED_VARIABLE = YES;
				IPHONEOS_DEPLOYMENT_TARGET = 17.4;
				LOCALIZATION_PREFERS_STRING_CATALOGS = YES;
				MTL_ENABLE_DEBUG_INFO = INCLUDE_SOURCE;
				MTL_FAST_MATH = YES;
				ONLY_ACTIVE_ARCH = YES;
				SDKROOT = iphoneos;
				VERSIONING_SYSTEM = "apple-generic";
				VERSION_INFO_PREFIX = "";
			};
			name = Debug;
		};
		5BECA1152BDE3BD600B95DF0 /* Release */ = {
			isa = XCBuildConfiguration;
			buildSettings = {
				ALWAYS_SEARCH_USER_PATHS = NO;
				ASSETCATALOG_COMPILER_GENERATE_SWIFT_ASSET_SYMBOL_EXTENSIONS = YES;
				CLANG_ANALYZER_NONNULL = YES;
				CLANG_ANALYZER_NUMBER_OBJECT_CONVERSION = YES_AGGRESSIVE;
				CLANG_CXX_LANGUAGE_STANDARD = "gnu++20";
				CLANG_ENABLE_MODULES = YES;
				CLANG_ENABLE_OBJC_ARC = YES;
				CLANG_ENABLE_OBJC_WEAK = YES;
				CLANG_WARN_BLOCK_CAPTURE_AUTORELEASING = YES;
				CLANG_WARN_BOOL_CONVERSION = YES;
				CLANG_WARN_COMMA = YES;
				CLANG_WARN_CONSTANT_CONVERSION = YES;
				CLANG_WARN_DEPRECATED_OBJC_IMPLEMENTATIONS = YES;
				CLANG_WARN_DIRECT_OBJC_ISA_USAGE = YES_ERROR;
				CLANG_WARN_DOCUMENTATION_COMMENTS = YES;
				CLANG_WARN_EMPTY_BODY = YES;
				CLANG_WARN_ENUM_CONVERSION = YES;
				CLANG_WARN_INFINITE_RECURSION = YES;
				CLANG_WARN_INT_CONVERSION = YES;
				CLANG_WARN_NON_LITERAL_NULL_CONVERSION = YES;
				CLANG_WARN_OBJC_IMPLICIT_RETAIN_SELF = YES;
				CLANG_WARN_OBJC_LITERAL_CONVERSION = YES;
				CLANG_WARN_OBJC_ROOT_CLASS = YES_ERROR;
				CLANG_WARN_QUOTED_INCLUDE_IN_FRAMEWORK_HEADER = YES;
				CLANG_WARN_RANGE_LOOP_ANALYSIS = YES;
				CLANG_WARN_STRICT_PROTOTYPES = YES;
				CLANG_WARN_SUSPICIOUS_MOVE = YES;
				CLANG_WARN_UNGUARDED_AVAILABILITY = YES_AGGRESSIVE;
				CLANG_WARN_UNREACHABLE_CODE = YES;
				CLANG_WARN__DUPLICATE_METHOD_MATCH = YES;
				COPY_PHASE_STRIP = NO;
				CURRENT_PROJECT_VERSION = 1;
				DEBUG_INFORMATION_FORMAT = "dwarf-with-dsym";
				ENABLE_NS_ASSERTIONS = NO;
				ENABLE_STRICT_OBJC_MSGSEND = YES;
				ENABLE_USER_SCRIPT_SANDBOXING = YES;
				GCC_C_LANGUAGE_STANDARD = gnu17;
				GCC_NO_COMMON_BLOCKS = YES;
				GCC_WARN_64_TO_32_BIT_CONVERSION = YES;
				GCC_WARN_ABOUT_RETURN_TYPE = YES_ERROR;
				GCC_WARN_UNDECLARED_SELECTOR = YES;
				GCC_WARN_UNINITIALIZED_AUTOS = YES_AGGRESSIVE;
				GCC_WARN_UNUSED_FUNCTION = YES;
				GCC_WARN_UNUSED_VARIABLE = YES;
				IPHONEOS_DEPLOYMENT_TARGET = 17.4;
				LOCALIZATION_PREFERS_STRING_CATALOGS = YES;
				MTL_ENABLE_DEBUG_INFO = NO;
				MTL_FAST_MATH = YES;
				SDKROOT = iphoneos;
				VALIDATE_PRODUCT = YES;
				VERSIONING_SYSTEM = "apple-generic";
				VERSION_INFO_PREFIX = "";
			};
			name = Release;
		};
		5BECA1172BDE3BD600B95DF0 /* Debug */ = {
			isa = XCBuildConfiguration;
			baseConfigurationReference = 39A382E92446090AAB573E50 /* Pods-YuemojKit.debug.xcconfig */;
			buildSettings = {
				CODE_SIGN_STYLE = Automatic;
				CURRENT_PROJECT_VERSION = 1;
				DEFINES_MODULE = YES;
				DEVELOPMENT_TEAM = RUKZ98YF29;
				DYLIB_COMPATIBILITY_VERSION = 1;
				DYLIB_CURRENT_VERSION = 1;
				DYLIB_INSTALL_NAME_BASE = "@rpath";
				ENABLE_MODULE_VERIFIER = NO;
				FRAMEWORK_SEARCH_PATHS = (
					"$(inherited)",
					"\"${PODS_CONFIGURATION_BUILD_DIR}/Masonry\"",
					"\"${PODS_CONFIGURATION_BUILD_DIR}/PinYin4Objc\"",
				);
				GENERATE_INFOPLIST_FILE = YES;
				HEADER_SEARCH_PATHS = (
					"$(inherited)",
					"\"${PODS_CONFIGURATION_BUILD_DIR}/Masonry/Masonry.framework/Headers\"",
					"\"${PODS_CONFIGURATION_BUILD_DIR}/PinYin4Objc/PinYin4Objc.framework/Headers\"",
				);
				INFOPLIST_KEY_NSHumanReadableCopyright = "";
				INSTALL_PATH = "$(LOCAL_LIBRARY_DIR)/Frameworks";
				IPHONEOS_DEPLOYMENT_TARGET = 13.0;
				LD_RUNPATH_SEARCH_PATHS = (
					"$(inherited)",
					"@executable_path/Frameworks",
					"@loader_path/Frameworks",
				);
				MACH_O_TYPE = mh_dylib;
				MARKETING_VERSION = 1.0;
				MODULE_VERIFIER_SUPPORTED_LANGUAGES = "objective-c objective-c++";
				MODULE_VERIFIER_SUPPORTED_LANGUAGE_STANDARDS = "gnu17 gnu++20";
				PRODUCT_BUNDLE_IDENTIFIER = com.yuemoj.YuemojKit;
				PRODUCT_NAME = "$(TARGET_NAME:c99extidentifier)";
				SKIP_INSTALL = YES;
				SWIFT_EMIT_LOC_STRINGS = YES;
				TARGETED_DEVICE_FAMILY = "1,2";
			};
			name = Debug;
		};
		5BECA1182BDE3BD600B95DF0 /* Release */ = {
			isa = XCBuildConfiguration;
			baseConfigurationReference = E59EA9D907CFFDA82875B96A /* Pods-YuemojKit.release.xcconfig */;
			buildSettings = {
				CODE_SIGN_STYLE = Automatic;
				CURRENT_PROJECT_VERSION = 1;
				DEFINES_MODULE = YES;
				DEVELOPMENT_TEAM = RUKZ98YF29;
				DYLIB_COMPATIBILITY_VERSION = 1;
				DYLIB_CURRENT_VERSION = 1;
				DYLIB_INSTALL_NAME_BASE = "@rpath";
				ENABLE_MODULE_VERIFIER = NO;
				FRAMEWORK_SEARCH_PATHS = (
					"$(inherited)",
					"\"${PODS_CONFIGURATION_BUILD_DIR}/Masonry\"",
					"\"${PODS_CONFIGURATION_BUILD_DIR}/PinYin4Objc\"",
				);
				GENERATE_INFOPLIST_FILE = YES;
				HEADER_SEARCH_PATHS = (
					"$(inherited)",
					"\"${PODS_CONFIGURATION_BUILD_DIR}/Masonry/Masonry.framework/Headers\"",
					"\"${PODS_CONFIGURATION_BUILD_DIR}/PinYin4Objc/PinYin4Objc.framework/Headers\"",
				);
				INFOPLIST_KEY_NSHumanReadableCopyright = "";
				INSTALL_PATH = "$(LOCAL_LIBRARY_DIR)/Frameworks";
				IPHONEOS_DEPLOYMENT_TARGET = 13.0;
				LD_RUNPATH_SEARCH_PATHS = (
					"$(inherited)",
					"@executable_path/Frameworks",
					"@loader_path/Frameworks",
				);
				MACH_O_TYPE = mh_dylib;
				MARKETING_VERSION = 1.0;
				MODULE_VERIFIER_SUPPORTED_LANGUAGES = "objective-c objective-c++";
				MODULE_VERIFIER_SUPPORTED_LANGUAGE_STANDARDS = "gnu17 gnu++20";
				PRODUCT_BUNDLE_IDENTIFIER = com.yuemoj.YuemojKit;
				PRODUCT_NAME = "$(TARGET_NAME:c99extidentifier)";
				SKIP_INSTALL = YES;
				SWIFT_EMIT_LOC_STRINGS = YES;
				TARGETED_DEVICE_FAMILY = "1,2";
			};
			name = Release;
		};
/* End XCBuildConfiguration section */

/* Begin XCConfigurationList section */
		5BECA1072BDE3BD600B95DF0 /* Build configuration list for PBXProject "YuemojKit" */ = {
			isa = XCConfigurationList;
			buildConfigurations = (
				5BECA1142BDE3BD600B95DF0 /* Debug */,
				5BECA1152BDE3BD600B95DF0 /* Release */,
			);
			defaultConfigurationIsVisible = 0;
			defaultConfigurationName = Release;
		};
		5BECA1162BDE3BD600B95DF0 /* Build configuration list for PBXNativeTarget "YuemojKit" */ = {
			isa = XCConfigurationList;
			buildConfigurations = (
				5BECA1172BDE3BD600B95DF0 /* Debug */,
				5BECA1182BDE3BD600B95DF0 /* Release */,
			);
			defaultConfigurationIsVisible = 0;
			defaultConfigurationName = Release;
		};
/* End XCConfigurationList section */
	};
	rootObject = 5BECA1042BDE3BD600B95DF0 /* Project object */;
}
