// !$*UTF8*$!
{
	archiveVersion = 1;
	classes = {
	};
	objectVersion = 56;
	objects = {

/* Begin PBXBuildFile section */
		5B7DAA442BFDCA8000578A05 /* TableViewCell.m in Sources */ = {isa = PBXBuildFile; fileRef = 5B7DAA432BFDCA8000578A05 /* TableViewCell.m */; };
		5B9E59142BFC36D0005DF0E9 /* AppDelegate.m in Sources */ = {isa = PBXBuildFile; fileRef = 5B9E59132BFC36D0005DF0E9 /* AppDelegate.m */; };
		5B9E591A2BFC36D0005DF0E9 /* ViewController.m in Sources */ = {isa = PBXBuildFile; fileRef = 5B9E59192BFC36D0005DF0E9 /* ViewController.m */; };
		5B9E591D2BFC36D0005DF0E9 /* Base in Resources */ = {isa = PBXBuildFile; fileRef = 5B9E591C2BFC36D0005DF0E9 /* Base */; };
		5B9E591F2BFC36D2005DF0E9 /* Assets.xcassets in Resources */ = {isa = PBXBuildFile; fileRef = 5B9E591E2BFC36D2005DF0E9 /* Assets.xcassets */; };
		5B9E59222BFC36D2005DF0E9 /* Base in Resources */ = {isa = PBXBuildFile; fileRef = 5B9E59212BFC36D2005DF0E9 /* Base */; };
		5B9E59252BFC36D2005DF0E9 /* main.m in Sources */ = {isa = PBXBuildFile; fileRef = 5B9E59242BFC36D2005DF0E9 /* main.m */; };
		5B9E5A332BFC4722005DF0E9 /* ViewModel.m in Sources */ = {isa = PBXBuildFile; fileRef = 5B9E5A322BFC4722005DF0E9 /* ViewModel.m */; };
		D8DEBB639C124CF4A6304FE9 /* Pods_YuemojKitDemo.framework in Frameworks */ = {isa = PBXBuildFile; fileRef = 083D973C4B70804D7D125EE0 /* Pods_YuemojKitDemo.framework */; };
/* End PBXBuildFile section */

/* Begin PBXFileReference section */
		083D973C4B70804D7D125EE0 /* Pods_YuemojKitDemo.framework */ = {isa = PBXFileReference; explicitFileType = wrapper.framework; includeInIndex = 0; path = Pods_YuemojKitDemo.framework; sourceTree = BUILT_PRODUCTS_DIR; };
		5B7DAA422BFDCA8000578A05 /* TableViewCell.h */ = {isa = PBXFileReference; lastKnownFileType = sourcecode.c.h; path = TableViewCell.h; sourceTree = "<group>"; };
		5B7DAA432BFDCA8000578A05 /* TableViewCell.m */ = {isa = PBXFileReference; lastKnownFileType = sourcecode.c.objc; path = TableViewCell.m; sourceTree = "<group>"; };
		5B9E590F2BFC36D0005DF0E9 /* YuemojKitDemo.app */ = {isa = PBXFileReference; explicitFileType = wrapper.application; includeInIndex = 0; path = YuemojKitDemo.app; sourceTree = BUILT_PRODUCTS_DIR; };
		5B9E59122BFC36D0005DF0E9 /* AppDelegate.h */ = {isa = PBXFileReference; lastKnownFileType = sourcecode.c.h; path = AppDelegate.h; sourceTree = "<group>"; };
		5B9E59132BFC36D0005DF0E9 /* AppDelegate.m */ = {isa = PBXFileReference; lastKnownFileType = sourcecode.c.objc; path = AppDelegate.m; sourceTree = "<group>"; };
		5B9E59182BFC36D0005DF0E9 /* ViewController.h */ = {isa = PBXFileReference; lastKnownFileType = sourcecode.c.h; path = ViewController.h; sourceTree = "<group>"; };
		5B9E59192BFC36D0005DF0E9 /* ViewController.m */ = {isa = PBXFileReference; lastKnownFileType = sourcecode.c.objc; path = ViewController.m; sourceTree = "<group>"; };
		5B9E591C2BFC36D0005DF0E9 /* Base */ = {isa = PBXFileReference; lastKnownFileType = file.storyboard; name = Base; path = Base.lproj/Main.storyboard; sourceTree = "<group>"; };
		5B9E591E2BFC36D2005DF0E9 /* Assets.xcassets */ = {isa = PBXFileReference; lastKnownFileType = folder.assetcatalog; path = Assets.xcassets; sourceTree = "<group>"; };
		5B9E59212BFC36D2005DF0E9 /* Base */ = {isa = PBXFileReference; lastKnownFileType = file.storyboard; name = Base; path = Base.lproj/LaunchScreen.storyboard; sourceTree = "<group>"; };
		5B9E59232BFC36D2005DF0E9 /* Info.plist */ = {isa = PBXFileReference; lastKnownFileType = text.plist.xml; path = Info.plist; sourceTree = "<group>"; };
		5B9E59242BFC36D2005DF0E9 /* main.m */ = {isa = PBXFileReference; lastKnownFileType = sourcecode.c.objc; path = main.m; sourceTree = "<group>"; };
		5B9E5A312BFC4722005DF0E9 /* ViewModel.h */ = {isa = PBXFileReference; lastKnownFileType = sourcecode.c.h; path = ViewModel.h; sourceTree = "<group>"; };
		5B9E5A322BFC4722005DF0E9 /* ViewModel.m */ = {isa = PBXFileReference; lastKnownFileType = sourcecode.c.objc; path = ViewModel.m; sourceTree = "<group>"; };
		708020978B24A939B3D84DB7 /* Pods-YuemojKitDemo.debug.xcconfig */ = {isa = PBXFileReference; includeInIndex = 1; lastKnownFileType = text.xcconfig; name = "Pods-YuemojKitDemo.debug.xcconfig"; path = "Target Support Files/Pods-YuemojKitDemo/Pods-YuemojKitDemo.debug.xcconfig"; sourceTree = "<group>"; };
		82591DA66D1E64C15B7401BD /* Pods-YuemojKitDemo.release.xcconfig */ = {isa = PBXFileReference; includeInIndex = 1; lastKnownFileType = text.xcconfig; name = "Pods-YuemojKitDemo.release.xcconfig"; path = "Target Support Files/Pods-YuemojKitDemo/Pods-YuemojKitDemo.release.xcconfig"; sourceTree = "<group>"; };
/* End PBXFileReference section */

/* Begin PBXFrameworksBuildPhase section */
		5B9E590C2BFC36D0005DF0E9 /* Frameworks */ = {
			isa = PBXFrameworksBuildPhase;
			buildActionMask = 2147483647;
			files = (
				D8DEBB639C124CF4A6304FE9 /* Pods_YuemojKitDemo.framework in Frameworks */,
			);
			runOnlyForDeploymentPostprocessing = 0;
		};
/* End PBXFrameworksBuildPhase section */

/* Begin PBXGroup section */
		51AC1CDC27824CE4DE6AD88C /* Pods */ = {
			isa = PBXGroup;
			children = (
				708020978B24A939B3D84DB7 /* Pods-YuemojKitDemo.debug.xcconfig */,
				82591DA66D1E64C15B7401BD /* Pods-YuemojKitDemo.release.xcconfig */,
			);
			path = Pods;
			sourceTree = "<group>";
		};
		5B9E59062BFC36D0005DF0E9 = {
			isa = PBXGroup;
			children = (
				5B9E59112BFC36D0005DF0E9 /* YuemojKitDemo */,
				5B9E59102BFC36D0005DF0E9 /* Products */,
				51AC1CDC27824CE4DE6AD88C /* Pods */,
				9D1BE304E43E5428D068BFFE /* Frameworks */,
			);
			sourceTree = "<group>";
		};
		5B9E59102BFC36D0005DF0E9 /* Products */ = {
			isa = PBXGroup;
			children = (
				5B9E590F2BFC36D0005DF0E9 /* YuemojKitDemo.app */,
			);
			name = Products;
			sourceTree = "<group>";
		};
		5B9E59112BFC36D0005DF0E9 /* YuemojKitDemo */ = {
			isa = PBXGroup;
			children = (
				5B9E59122BFC36D0005DF0E9 /* AppDelegate.h */,
				5B9E59132BFC36D0005DF0E9 /* AppDelegate.m */,
				5B9E59182BFC36D0005DF0E9 /* ViewController.h */,
				5B9E59192BFC36D0005DF0E9 /* ViewController.m */,
				5B9E5A312BFC4722005DF0E9 /* ViewModel.h */,
				5B9E5A322BFC4722005DF0E9 /* ViewModel.m */,
				5B7DAA422BFDCA8000578A05 /* TableViewCell.h */,
				5B7DAA432BFDCA8000578A05 /* TableViewCell.m */,
				5B9E591B2BFC36D0005DF0E9 /* Main.storyboard */,
				5B9E591E2BFC36D2005DF0E9 /* Assets.xcassets */,
				5B9E59202BFC36D2005DF0E9 /* LaunchScreen.storyboard */,
				5B9E59232BFC36D2005DF0E9 /* Info.plist */,
				5B9E59242BFC36D2005DF0E9 /* main.m */,
			);
			path = YuemojKitDemo;
			sourceTree = "<group>";
		};
		9D1BE304E43E5428D068BFFE /* Frameworks */ = {
			isa = PBXGroup;
			children = (
				083D973C4B70804D7D125EE0 /* Pods_YuemojKitDemo.framework */,
			);
			name = Frameworks;
			sourceTree = "<group>";
		};
/* End PBXGroup section */

/* Begin PBXNativeTarget section */
		5B9E590E2BFC36D0005DF0E9 /* YuemojKitDemo */ = {
			isa = PBXNativeTarget;
			buildConfigurationList = 5B9E59282BFC36D2005DF0E9 /* Build configuration list for PBXNativeTarget "YuemojKitDemo" */;
			buildPhases = (
				27591F71357176C4A6C79A12 /* [CP] Check Pods Manifest.lock */,
				5B9E590B2BFC36D0005DF0E9 /* Sources */,
				5B9E590C2BFC36D0005DF0E9 /* Frameworks */,
				5B9E590D2BFC36D0005DF0E9 /* Resources */,
				B403D99EA17DD67A256861BC /* [CP] Embed Pods Frameworks */,
			);
			buildRules = (
			);
			dependencies = (
			);
			name = YuemojKitDemo;
			productName = YuemojKitDemo;
			productReference = 5B9E590F2BFC36D0005DF0E9 /* YuemojKitDemo.app */;
			productType = "com.apple.product-type.application";
		};
/* End PBXNativeTarget section */

/* Begin PBXProject section */
		5B9E59072BFC36D0005DF0E9 /* Project object */ = {
			isa = PBXProject;
			attributes = {
				BuildIndependentTargetsInParallel = 1;
				LastUpgradeCheck = 1540;
				TargetAttributes = {
					5B9E590E2BFC36D0005DF0E9 = {
						CreatedOnToolsVersion = 15.4;
					};
				};
			};
			buildConfigurationList = 5B9E590A2BFC36D0005DF0E9 /* Build configuration list for PBXProject "YuemojKitDemo" */;
			compatibilityVersion = "Xcode 14.0";
			developmentRegion = en;
			hasScannedForEncodings = 0;
			knownRegions = (
				en,
				Base,
			);
			mainGroup = 5B9E59062BFC36D0005DF0E9;
			productRefGroup = 5B9E59102BFC36D0005DF0E9 /* Products */;
			projectDirPath = "";
			projectRoot = "";
			targets = (
				5B9E590E2BFC36D0005DF0E9 /* YuemojKitDemo */,
			);
		};
/* End PBXProject section */

/* Begin PBXResourcesBuildPhase section */
		5B9E590D2BFC36D0005DF0E9 /* Resources */ = {
			isa = PBXResourcesBuildPhase;
			buildActionMask = 2147483647;
			files = (
				5B9E591F2BFC36D2005DF0E9 /* Assets.xcassets in Resources */,
				5B9E59222BFC36D2005DF0E9 /* Base in Resources */,
				5B9E591D2BFC36D0005DF0E9 /* Base in Resources */,
			);
			runOnlyForDeploymentPostprocessing = 0;
		};
/* End PBXResourcesBuildPhase section */

/* Begin PBXShellScriptBuildPhase section */
		27591F71357176C4A6C79A12 /* [CP] Check Pods Manifest.lock */ = {
			isa = PBXShellScriptBuildPhase;
			buildActionMask = 2147483647;
			files = (
			);
			inputFileListPaths = (
			);
			inputPaths = (
				"${PODS_PODFILE_DIR_PATH}/Podfile.lock",
				"${PODS_ROOT}/Manifest.lock",
			);
			name = "[CP] Check Pods Manifest.lock";
			outputFileListPaths = (
			);
			outputPaths = (
				"$(DERIVED_FILE_DIR)/Pods-YuemojKitDemo-checkManifestLockResult.txt",
			);
			runOnlyForDeploymentPostprocessing = 0;
			shellPath = /bin/sh;
			shellScript = "diff \"${PODS_PODFILE_DIR_PATH}/Podfile.lock\" \"${PODS_ROOT}/Manifest.lock\" > /dev/null\nif [ $? != 0 ] ; then\n    # print error to STDERR\n    echo \"error: The sandbox is not in sync with the Podfile.lock. Run 'pod install' or update your CocoaPods installation.\" >&2\n    exit 1\nfi\n# This output is used by Xcode 'outputs' to avoid re-running this script phase.\necho \"SUCCESS\" > \"${SCRIPT_OUTPUT_FILE_0}\"\n";
			showEnvVarsInLog = 0;
		};
		B403D99EA17DD67A256861BC /* [CP] Embed Pods Frameworks */ = {
			isa = PBXShellScriptBuildPhase;
			buildActionMask = 2147483647;
			files = (
			);
			inputFileListPaths = (
				"${PODS_ROOT}/Target Support Files/Pods-YuemojKitDemo/Pods-YuemojKitDemo-frameworks-${CONFIGURATION}-input-files.xcfilelist",
			);
			name = "[CP] Embed Pods Frameworks";
			outputFileListPaths = (
				"${PODS_ROOT}/Target Support Files/Pods-YuemojKitDemo/Pods-YuemojKitDemo-frameworks-${CONFIGURATION}-output-files.xcfilelist",
			);
			runOnlyForDeploymentPostprocessing = 0;
			shellPath = /bin/sh;
			shellScript = "\"${PODS_ROOT}/Target Support Files/Pods-YuemojKitDemo/Pods-YuemojKitDemo-frameworks.sh\"\n";
			showEnvVarsInLog = 0;
		};
/* End PBXShellScriptBuildPhase section */

/* Begin PBXSourcesBuildPhase section */
		5B9E590B2BFC36D0005DF0E9 /* Sources */ = {
			isa = PBXSourcesBuildPhase;
			buildActionMask = 2147483647;
			files = (
				5B9E591A2BFC36D0005DF0E9 /* ViewController.m in Sources */,
				5B9E59142BFC36D0005DF0E9 /* AppDelegate.m in Sources */,
				5B7DAA442BFDCA8000578A05 /* TableViewCell.m in Sources */,
				5B9E5A332BFC4722005DF0E9 /* ViewModel.m in Sources */,
				5B9E59252BFC36D2005DF0E9 /* main.m in Sources */,
			);
			runOnlyForDeploymentPostprocessing = 0;
		};
/* End PBXSourcesBuildPhase section */

/* Begin PBXVariantGroup section */
		5B9E591B2BFC36D0005DF0E9 /* Main.storyboard */ = {
			isa = PBXVariantGroup;
			children = (
				5B9E591C2BFC36D0005DF0E9 /* Base */,
			);
			name = Main.storyboard;
			sourceTree = "<group>";
		};
		5B9E59202BFC36D2005DF0E9 /* LaunchScreen.storyboard */ = {
			isa = PBXVariantGroup;
			children = (
				5B9E59212BFC36D2005DF0E9 /* Base */,
			);
			name = LaunchScreen.storyboard;
			sourceTree = "<group>";
		};
/* End PBXVariantGroup section */

/* Begin XCBuildConfiguration section */
		5B9E59262BFC36D2005DF0E9 /* Debug */ = {
			isa = XCBuildConfiguration;
			buildSettings = {
				ALWAYS_SEARCH_USER_PATHS = NO;
				ASSETCATALOG_COMPILER_GENERATE_SWIFT_ASSET_SYMBOL_EXTENSIONS = YES;
				CLANG_ANALYZER_NONNULL = YES;
				CLANG_ANALYZER_NUMBER_OBJECT_CONVERSION = YES_AGGRESSIVE;
				CLANG_CXX_LANGUAGE_STANDARD = "gnu++20";
				CLANG_ENABLE_MODULES = YES;
				CLANG_ENABLE_OBJC_ARC = YES;
				CLANG_ENABLE_OBJC_WEAK = YES;
				CLANG_WARN_BLOCK_CAPTURE_AUTORELEASING = YES;
				CLANG_WARN_BOOL_CONVERSION = YES;
				CLANG_WARN_COMMA = YES;
				CLANG_WARN_CONSTANT_CONVERSION = YES;
				CLANG_WARN_DEPRECATED_OBJC_IMPLEMENTATIONS = YES;
				CLANG_WARN_DIRECT_OBJC_ISA_USAGE = YES_ERROR;
				CLANG_WARN_DOCUMENTATION_COMMENTS = YES;
				CLANG_WARN_EMPTY_BODY = YES;
				CLANG_WARN_ENUM_CONVERSION = YES;
				CLANG_WARN_INFINITE_RECURSION = YES;
				CLANG_WARN_INT_CONVERSION = YES;
				CLANG_WARN_NON_LITERAL_NULL_CONVERSION = YES;
				CLANG_WARN_OBJC_IMPLICIT_RETAIN_SELF = YES;
				CLANG_WARN_OBJC_LITERAL_CONVERSION = YES;
				CLANG_WARN_OBJC_ROOT_CLASS = YES_ERROR;
				CLANG_WARN_QUOTED_INCLUDE_IN_FRAMEWORK_HEADER = YES;
				CLANG_WARN_RANGE_LOOP_ANALYSIS = YES;
				CLANG_WARN_STRICT_PROTOTYPES = YES;
				CLANG_WARN_SUSPICIOUS_MOVE = YES;
				CLANG_WARN_UNGUARDED_AVAILABILITY = YES_AGGRESSIVE;
				CLANG_WARN_UNREACHABLE_CODE = YES;
				CLANG_WARN__DUPLICATE_METHOD_MATCH = YES;
				COPY_PHASE_STRIP = NO;
				DEBUG_INFORMATION_FORMAT = dwarf;
				ENABLE_STRICT_OBJC_MSGSEND = YES;
				ENABLE_TESTABILITY = YES;
				ENABLE_USER_SCRIPT_SANDBOXING = YES;
				GCC_C_LANGUAGE_STANDARD = gnu17;
				GCC_DYNAMIC_NO_PIC = NO;
				GCC_NO_COMMON_BLOCKS = YES;
				GCC_OPTIMIZATION_LEVEL = 0;
				GCC_PREPROCESSOR_DEFINITIONS = (
					"DEBUG=1",
					"$(inherited)",
				);
				GCC_WARN_64_TO_32_BIT_CONVERSION = YES;
				GCC_WARN_ABOUT_RETURN_TYPE = YES_ERROR;
				GCC_WARN_UNDECLARED_SELECTOR = YES;
				GCC_WARN_UNINITIALIZED_AUTOS = YES_AGGRESSIVE;
				GCC_WARN_UNUSED_FUNCTION = YES;
				GCC_WARN_UNUSED_VARIABLE = YES;
				IPHONEOS_DEPLOYMENT_TARGET = 17.5;
				LOCALIZATION_PREFERS_STRING_CATALOGS = YES;
				MTL_ENABLE_DEBUG_INFO = INCLUDE_SOURCE;
				MTL_FAST_MATH = YES;
				ONLY_ACTIVE_ARCH = YES;
				SDKROOT = iphoneos;
			};
			name = Debug;
		};
		5B9E59272BFC36D2005DF0E9 /* Release */ = {
			isa = XCBuildConfiguration;
			buildSettings = {
				ALWAYS_SEARCH_USER_PATHS = NO;
				ASSETCATALOG_COMPILER_GENERATE_SWIFT_ASSET_SYMBOL_EXTENSIONS = YES;
				CLANG_ANALYZER_NONNULL = YES;
				CLANG_ANALYZER_NUMBER_OBJECT_CONVERSION = YES_AGGRESSIVE;
				CLANG_CXX_LANGUAGE_STANDARD = "gnu++20";
				CLANG_ENABLE_MODULES = YES;
				CLANG_ENABLE_OBJC_ARC = YES;
				CLANG_ENABLE_OBJC_WEAK = YES;
				CLANG_WARN_BLOCK_CAPTURE_AUTORELEASING = YES;
				CLANG_WARN_BOOL_CONVERSION = YES;
				CLANG_WARN_COMMA = YES;
				CLANG_WARN_CONSTANT_CONVERSION = YES;
				CLANG_WARN_DEPRECATED_OBJC_IMPLEMENTATIONS = YES;
				CLANG_WARN_DIRECT_OBJC_ISA_USAGE = YES_ERROR;
				CLANG_WARN_DOCUMENTATION_COMMENTS = YES;
				CLANG_WARN_EMPTY_BODY = YES;
				CLANG_WARN_ENUM_CONVERSION = YES;
				CLANG_WARN_INFINITE_RECURSION = YES;
				CLANG_WARN_INT_CONVERSION = YES;
				CLANG_WARN_NON_LITERAL_NULL_CONVERSION = YES;
				CLANG_WARN_OBJC_IMPLICIT_RETAIN_SELF = YES;
				CLANG_WARN_OBJC_LITERAL_CONVERSION = YES;
				CLANG_WARN_OBJC_ROOT_CLASS = YES_ERROR;
				CLANG_WARN_QUOTED_INCLUDE_IN_FRAMEWORK_HEADER = YES;
				CLANG_WARN_RANGE_LOOP_ANALYSIS = YES;
				CLANG_WARN_STRICT_PROTOTYPES = YES;
				CLANG_WARN_SUSPICIOUS_MOVE = YES;
				CLANG_WARN_UNGUARDED_AVAILABILITY = YES_AGGRESSIVE;
				CLANG_WARN_UNREACHABLE_CODE = YES;
				CLANG_WARN__DUPLICATE_METHOD_MATCH = YES;
				COPY_PHASE_STRIP = NO;
				DEBUG_INFORMATION_FORMAT = "dwarf-with-dsym";
				ENABLE_NS_ASSERTIONS = NO;
				ENABLE_STRICT_OBJC_MSGSEND = YES;
				ENABLE_USER_SCRIPT_SANDBOXING = YES;
				GCC_C_LANGUAGE_STANDARD = gnu17;
				GCC_NO_COMMON_BLOCKS = YES;
				GCC_WARN_64_TO_32_BIT_CONVERSION = YES;
				GCC_WARN_ABOUT_RETURN_TYPE = YES_ERROR;
				GCC_WARN_UNDECLARED_SELECTOR = YES;
				GCC_WARN_UNINITIALIZED_AUTOS = YES_AGGRESSIVE;
				GCC_WARN_UNUSED_FUNCTION = YES;
				GCC_WARN_UNUSED_VARIABLE = YES;
				IPHONEOS_DEPLOYMENT_TARGET = 17.5;
				LOCALIZATION_PREFERS_STRING_CATALOGS = YES;
				MTL_ENABLE_DEBUG_INFO = NO;
				MTL_FAST_MATH = YES;
				SDKROOT = iphoneos;
				VALIDATE_PRODUCT = YES;
			};
			name = Release;
		};
		5B9E59292BFC36D2005DF0E9 /* Debug */ = {
			isa = XCBuildConfiguration;
			baseConfigurationReference = 708020978B24A939B3D84DB7 /* Pods-YuemojKitDemo.debug.xcconfig */;
			buildSettings = {
				ASSETCATALOG_COMPILER_APPICON_NAME = AppIcon;
				ASSETCATALOG_COMPILER_GLOBAL_ACCENT_COLOR_NAME = AccentColor;
				CODE_SIGN_STYLE = Automatic;
				CURRENT_PROJECT_VERSION = 1;
				DEVELOPMENT_TEAM = RUKZ98YF29;
				ENABLE_USER_SCRIPT_SANDBOXING = NO;
				GENERATE_INFOPLIST_FILE = YES;
				INFOPLIST_FILE = YuemojKitDemo/Info.plist;
				INFOPLIST_KEY_UIApplicationSupportsIndirectInputEvents = YES;
				INFOPLIST_KEY_UILaunchStoryboardName = LaunchScreen;
				INFOPLIST_KEY_UIMainStoryboardFile = Main;
				INFOPLIST_KEY_UISupportedInterfaceOrientations_iPad = "UIInterfaceOrientationPortrait UIInterfaceOrientationPortraitUpsideDown UIInterfaceOrientationLandscapeLeft UIInterfaceOrientationLandscapeRight";
				INFOPLIST_KEY_UISupportedInterfaceOrientations_iPhone = "UIInterfaceOrientationPortrait UIInterfaceOrientationLandscapeLeft UIInterfaceOrientationLandscapeRight";
				IPHONEOS_DEPLOYMENT_TARGET = 13.0;
				LD_RUNPATH_SEARCH_PATHS = (
					"$(inherited)",
					"@executable_path/Frameworks",
				);
				MARKETING_VERSION = 1.0;
				PRODUCT_BUNDLE_IDENTIFIER = com.yuemoj.YuemojKitDemo;
				PRODUCT_NAME = "$(TARGET_NAME)";
				SWIFT_EMIT_LOC_STRINGS = YES;
				TARGETED_DEVICE_FAMILY = "1,2";
			};
			name = Debug;
		};
		5B9E592A2BFC36D2005DF0E9 /* Release */ = {
			isa = XCBuildConfiguration;
			baseConfigurationReference = 82591DA66D1E64C15B7401BD /* Pods-YuemojKitDemo.release.xcconfig */;
			buildSettings = {
				ASSETCATALOG_COMPILER_APPICON_NAME = AppIcon;
				ASSETCATALOG_COMPILER_GLOBAL_ACCENT_COLOR_NAME = AccentColor;
				CODE_SIGN_STYLE = Automatic;
				CURRENT_PROJECT_VERSION = 1;
				DEVELOPMENT_TEAM = RUKZ98YF29;
				ENABLE_USER_SCRIPT_SANDBOXING = NO;
				GENERATE_INFOPLIST_FILE = YES;
				INFOPLIST_FILE = YuemojKitDemo/Info.plist;
				INFOPLIST_KEY_UIApplicationSupportsIndirectInputEvents = YES;
				INFOPLIST_KEY_UILaunchStoryboardName = LaunchScreen;
				INFOPLIST_KEY_UIMainStoryboardFile = Main;
				INFOPLIST_KEY_UISupportedInterfaceOrientations_iPad = "UIInterfaceOrientationPortrait UIInterfaceOrientationPortraitUpsideDown UIInterfaceOrientationLandscapeLeft UIInterfaceOrientationLandscapeRight";
				INFOPLIST_KEY_UISupportedInterfaceOrientations_iPhone = "UIInterfaceOrientationPortrait UIInterfaceOrientationLandscapeLeft UIInterfaceOrientationLandscapeRight";
				IPHONEOS_DEPLOYMENT_TARGET = 13.0;
				LD_RUNPATH_SEARCH_PATHS = (
					"$(inherited)",
					"@executable_path/Frameworks",
				);
				MARKETING_VERSION = 1.0;
				PRODUCT_BUNDLE_IDENTIFIER = com.yuemoj.YuemojKitDemo;
				PRODUCT_NAME = "$(TARGET_NAME)";
				SWIFT_EMIT_LOC_STRINGS = YES;
				TARGETED_DEVICE_FAMILY = "1,2";
			};
			name = Release;
		};
/* End XCBuildConfiguration section */

/* Begin XCConfigurationList section */
		5B9E590A2BFC36D0005DF0E9 /* Build configuration list for PBXProject "YuemojKitDemo" */ = {
			isa = XCConfigurationList;
			buildConfigurations = (
				5B9E59262BFC36D2005DF0E9 /* Debug */,
				5B9E59272BFC36D2005DF0E9 /* Release */,
			);
			defaultConfigurationIsVisible = 0;
			defaultConfigurationName = Release;
		};
		5B9E59282BFC36D2005DF0E9 /* Build configuration list for PBXNativeTarget "YuemojKitDemo" */ = {
			isa = XCConfigurationList;
			buildConfigurations = (
				5B9E59292BFC36D2005DF0E9 /* Debug */,
				5B9E592A2BFC36D2005DF0E9 /* Release */,
			);
			defaultConfigurationIsVisible = 0;
			defaultConfigurationName = Release;
		};
/* End XCConfigurationList section */
	};
	rootObject = 5B9E59072BFC36D0005DF0E9 /* Project object */;
}
